
Microsoft Visual Studio Solution File, Format Version 12.00
# Visual Studio Version 17
VisualStudioVersion = 17.14.36301.6 d17.14
MinimumVisualStudioVersion = 10.0.40219.1
Project("{FAE04EC0-301F-11D3-BF4B-00C04F79EFBC}") = "ObliKot2r2", "ObliKot2r2\ObliKot2r2.csproj", "{B8B6C989-046E-4CD8-9487-9D8C9FBD1D0B}"
EndProject
Global
	GlobalSection(SolutionConfigurationPlatforms) = preSolution
		Debug|Any CPU = Debug|Any CPU
		Release|Any CPU = Release|Any CPU
	EndGlobalSection
	GlobalSection(ProjectConfigurationPlatforms) = postSolution
		{B8B6C989-046E-4CD8-9487-9D8C9FBD1D0B}.Debug|Any CPU.ActiveCfg = Debug|Any CPU
		{B8B6C989-046E-4CD8-9487-9D8C9FBD1D0B}.Debug|Any CPU.Build.0 = Debug|Any CPU
		{B8B6C989-046E-4CD8-9487-9D8C9FBD1D0B}.Release|Any CPU.ActiveCfg = Release|Any CPU
		{B8B6C989-046E-4CD8-9487-9D8C9FBD1D0B}.Release|Any CPU.Build.0 = Release|Any CPU
	EndGlobalSection
	GlobalSection(SolutionProperties) = preSolution
		HideSolutionNode = FALSE
	EndGlobalSection
	GlobalSection(ExtensibilityGlobals) = postSolution
		SolutionGuid = {2EAE3745-22B3-4108-B357-894E63DB07C5}
	EndGlobalSection
EndGlobal
